
Microsoft Visual Studio Solution File, Format Version 12.00
# Visual Studio Version 17
VisualStudioVersion = 17.2.32616.157
MinimumVisualStudioVersion = 10.0.40219.1
Project("{FAE04EC0-301F-11D3-BF4B-00C04F79EFBC}") = "WebAPI", "WebAPI\WebAPI.csproj", "{D9354296-039B-4901-846B-E20F70287E72}"
EndProject
Global
	GlobalSection(SolutionConfigurationPlatforms) = preSolution
		Debug|Any CPU = Debug|Any CPU
		Release|Any CPU = Release|Any CPU
	EndGlobalSection
	GlobalSection(ProjectConfigurationPlatforms) = postSolution
		{D9354296-039B-4901-846B-E20F70287E72}.Debug|Any CPU.ActiveCfg = Debug|Any CPU
		{D9354296-039B-4901-846B-E20F70287E72}.Debug|Any CPU.Build.0 = Debug|Any CPU
		{D9354296-039B-4901-846B-E20F70287E72}.Release|Any CPU.ActiveCfg = Release|Any CPU
		{D9354296-039B-4901-846B-E20F70287E72}.Release|Any CPU.Build.0 = Release|Any CPU
	EndGlobalSection
	GlobalSection(SolutionProperties) = preSolution
		HideSolutionNode = FALSE
	EndGlobalSection
	GlobalSection(ExtensibilityGlobals) = postSolution
		SolutionGuid = {1CCEF0AB-2E4A-456F-A2FF-2D0E4F192FFB}
	EndGlobalSection
EndGlobal
